
Microsoft Visual Studio Solution File, Format Version 12.00
# Visual Studio Version 17
VisualStudioVersion = 17.9.34701.34
MinimumVisualStudioVersion = 10.0.40219.1
Project("{FAE04EC0-301F-11D3-BF4B-00C04F79EFBC}") = "DegitalDepSample001", "DegitalDepSample001\DegitalDepSample001.csproj", "{98179673-33C0-46E0-9E4A-2568BBC35094}"
EndProject
Global
	GlobalSection(SolutionConfigurationPlatforms) = preSolution
		Debug|Any CPU = Debug|Any CPU
		Release|Any CPU = Release|Any CPU
	EndGlobalSection
	GlobalSection(ProjectConfigurationPlatforms) = postSolution
		{98179673-33C0-46E0-9E4A-2568BBC35094}.Debug|Any CPU.ActiveCfg = Debug|Any CPU
		{98179673-33C0-46E0-9E4A-2568BBC35094}.Debug|Any CPU.Build.0 = Debug|Any CPU
		{98179673-33C0-46E0-9E4A-2568BBC35094}.Release|Any CPU.ActiveCfg = Release|Any CPU
		{98179673-33C0-46E0-9E4A-2568BBC35094}.Release|Any CPU.Build.0 = Release|Any CPU
	EndGlobalSection
	GlobalSection(SolutionProperties) = preSolution
		HideSolutionNode = FALSE
	EndGlobalSection
	GlobalSection(ExtensibilityGlobals) = postSolution
		SolutionGuid = {EB214D8E-3618-4316-BFFE-E6FE49E7BDEE}
	EndGlobalSection
EndGlobal
